
Microsoft Visual Studio Solution File, Format Version 12.00
# Visual Studio Version 16
VisualStudioVersion = 16.0.31129.286
MinimumVisualStudioVersion = 10.0.40219.1
Project("{9A19103F-16F7-4668-BE54-9A1E7A4F7556}") = "FoodTrucks.API", "FoodTrucks\FoodTrucks.API.csproj", "{770BD419-4887-44D7-BC7C-C8F32A610FE8}"
EndProject
Project("{9A19103F-16F7-4668-BE54-9A1E7A4F7556}") = "FoodTrucks.Tests.Unit", "FoodTrucks.Tests\FoodTrucks.Tests.Unit.csproj", "{8EA30521-8140-4AE8-80A7-1B22CE583C37}"
EndProject
Project("{9A19103F-16F7-4668-BE54-9A1E7A4F7556}") = "FoodTrucks.Common", "FoodTrucks.Common\FoodTrucks.Common.csproj", "{A123A54D-72FE-4AD6-8535-F11EF3B990E6}"
EndProject
Project("{9A19103F-16F7-4668-BE54-9A1E7A4F7556}") = "FoodTrucks.Services", "FoodTrucks.Services\FoodTrucks.Services.csproj", "{34173E8D-AD0A-488B-A347-429263F99D61}"
EndProject
Project("{FAE04EC0-301F-11D3-BF4B-00C04F79EFBC}") = "FoodTrucks.Tests.Integration", "FoodTrucks.Tests.Integration\FoodTrucks.Tests.Integration.csproj", "{AC221D29-6ED4-4320-A450-D191A1DEA69F}"
EndProject
Global
	GlobalSection(SolutionConfigurationPlatforms) = preSolution
		Debug|Any CPU = Debug|Any CPU
		Release|Any CPU = Release|Any CPU
	EndGlobalSection
	GlobalSection(ProjectConfigurationPlatforms) = postSolution
		{770BD419-4887-44D7-BC7C-C8F32A610FE8}.Debug|Any CPU.ActiveCfg = Debug|Any CPU
		{770BD419-4887-44D7-BC7C-C8F32A610FE8}.Debug|Any CPU.Build.0 = Debug|Any CPU
		{770BD419-4887-44D7-BC7C-C8F32A610FE8}.Release|Any CPU.ActiveCfg = Release|Any CPU
		{770BD419-4887-44D7-BC7C-C8F32A610FE8}.Release|Any CPU.Build.0 = Release|Any CPU
		{8EA30521-8140-4AE8-80A7-1B22CE583C37}.Debug|Any CPU.ActiveCfg = Debug|Any CPU
		{8EA30521-8140-4AE8-80A7-1B22CE583C37}.Debug|Any CPU.Build.0 = Debug|Any CPU
		{8EA30521-8140-4AE8-80A7-1B22CE583C37}.Release|Any CPU.ActiveCfg = Release|Any CPU
		{8EA30521-8140-4AE8-80A7-1B22CE583C37}.Release|Any CPU.Build.0 = Release|Any CPU
		{A123A54D-72FE-4AD6-8535-F11EF3B990E6}.Debug|Any CPU.ActiveCfg = Debug|Any CPU
		{A123A54D-72FE-4AD6-8535-F11EF3B990E6}.Debug|Any CPU.Build.0 = Debug|Any CPU
		{A123A54D-72FE-4AD6-8535-F11EF3B990E6}.Release|Any CPU.ActiveCfg = Release|Any CPU
		{A123A54D-72FE-4AD6-8535-F11EF3B990E6}.Release|Any CPU.Build.0 = Release|Any CPU
		{34173E8D-AD0A-488B-A347-429263F99D61}.Debug|Any CPU.ActiveCfg = Debug|Any CPU
		{34173E8D-AD0A-488B-A347-429263F99D61}.Debug|Any CPU.Build.0 = Debug|Any CPU
		{34173E8D-AD0A-488B-A347-429263F99D61}.Release|Any CPU.ActiveCfg = Release|Any CPU
		{34173E8D-AD0A-488B-A347-429263F99D61}.Release|Any CPU.Build.0 = Release|Any CPU
		{AC221D29-6ED4-4320-A450-D191A1DEA69F}.Debug|Any CPU.ActiveCfg = Debug|Any CPU
		{AC221D29-6ED4-4320-A450-D191A1DEA69F}.Debug|Any CPU.Build.0 = Debug|Any CPU
		{AC221D29-6ED4-4320-A450-D191A1DEA69F}.Release|Any CPU.ActiveCfg = Release|Any CPU
		{AC221D29-6ED4-4320-A450-D191A1DEA69F}.Release|Any CPU.Build.0 = Release|Any CPU
	EndGlobalSection
	GlobalSection(SolutionProperties) = preSolution
		HideSolutionNode = FALSE
	EndGlobalSection
	GlobalSection(ExtensibilityGlobals) = postSolution
		SolutionGuid = {D3AB04F8-C498-4002-BD4A-DB7CE679FF13}
	EndGlobalSection
EndGlobal
